
Microsoft Visual Studio Solution File, Format Version 12.00
# Visual Studio 15
VisualStudioVersion = 15.0.28307.271
MinimumVisualStudioVersion = 10.0.40219.1
Project("{FAE04EC0-301F-11D3-BF4B-00C04F79EFBC}") = "JenkinTestWebApp2017", "JenkinTestWebApp2017\JenkinTestWebApp2017.csproj", "{13BC202F-25B9-4F91-A2EA-A11D6CC33D75}"
EndProject
Project("{FAE04EC0-301F-11D3-BF4B-00C04F79EFBC}") = "JenkinTestWebApp2017.Tests", "JenkinTestWebApp2017.Tests\JenkinTestWebApp2017.Tests.csproj", "{C53988B3-503D-44FC-9FBE-1241C410467E}"
EndProject
Global
	GlobalSection(SolutionConfigurationPlatforms) = preSolution
		Debug|Any CPU = Debug|Any CPU
		Release|Any CPU = Release|Any CPU
	EndGlobalSection
	GlobalSection(ProjectConfigurationPlatforms) = postSolution
		{13BC202F-25B9-4F91-A2EA-A11D6CC33D75}.Debug|Any CPU.ActiveCfg = Debug|Any CPU
		{13BC202F-25B9-4F91-A2EA-A11D6CC33D75}.Debug|Any CPU.Build.0 = Debug|Any CPU
		{13BC202F-25B9-4F91-A2EA-A11D6CC33D75}.Release|Any CPU.ActiveCfg = Release|Any CPU
		{13BC202F-25B9-4F91-A2EA-A11D6CC33D75}.Release|Any CPU.Build.0 = Release|Any CPU
		{C53988B3-503D-44FC-9FBE-1241C410467E}.Debug|Any CPU.ActiveCfg = Debug|Any CPU
		{C53988B3-503D-44FC-9FBE-1241C410467E}.Debug|Any CPU.Build.0 = Debug|Any CPU
		{C53988B3-503D-44FC-9FBE-1241C410467E}.Release|Any CPU.ActiveCfg = Release|Any CPU
		{C53988B3-503D-44FC-9FBE-1241C410467E}.Release|Any CPU.Build.0 = Release|Any CPU
	EndGlobalSection
	GlobalSection(SolutionProperties) = preSolution
		HideSolutionNode = FALSE
	EndGlobalSection
	GlobalSection(ExtensibilityGlobals) = postSolution
		SolutionGuid = {33E3AA7D-F8E4-4A73-8144-C4AC49084DAE}
	EndGlobalSection
EndGlobal
